
Microsoft Visual Studio Solution File, Format Version 12.00
# Visual Studio Version 17
VisualStudioVersion = 17.7.34031.279
MinimumVisualStudioVersion = 10.0.40219.1
Project("{FAE04EC0-301F-11D3-BF4B-00C04F79EFBC}") = "projectrock", "projectrock\projectrock.csproj", "{B725E56C-978D-4719-8958-10878E81CD3A}"
EndProject
Global
	GlobalSection(SolutionConfigurationPlatforms) = preSolution
		Debug|Any CPU = Debug|Any CPU
		Release|Any CPU = Release|Any CPU
	EndGlobalSection
	GlobalSection(ProjectConfigurationPlatforms) = postSolution
		{B725E56C-978D-4719-8958-10878E81CD3A}.Debug|Any CPU.ActiveCfg = Debug|Any CPU
		{B725E56C-978D-4719-8958-10878E81CD3A}.Debug|Any CPU.Build.0 = Debug|Any CPU
		{B725E56C-978D-4719-8958-10878E81CD3A}.Release|Any CPU.ActiveCfg = Release|Any CPU
		{B725E56C-978D-4719-8958-10878E81CD3A}.Release|Any CPU.Build.0 = Release|Any CPU
	EndGlobalSection
	GlobalSection(SolutionProperties) = preSolution
		HideSolutionNode = FALSE
	EndGlobalSection
	GlobalSection(ExtensibilityGlobals) = postSolution
		SolutionGuid = {50A8C48C-469C-47A0-AFDF-DEBF4C61F309}
	EndGlobalSection
EndGlobal
